
Microsoft Visual Studio Solution File, Format Version 12.00
# Visual Studio Version 16
VisualStudioVersion = 16.0.29519.87
MinimumVisualStudioVersion = 10.0.40219.1
Project("{9A19103F-16F7-4668-BE54-9A1E7A4F7556}") = "Winkel", "Winkel\Winkel.csproj", "{BDAAEF80-F347-4323-833A-4CA20753B5B1}"
EndProject
Project("{FAE04EC0-301F-11D3-BF4B-00C04F79EFBC}") = "Collecties", "Collecties\Collecties.csproj", "{4287E135-BD3B-4FB6-BAA2-05E163369A59}"
EndProject
Global
	GlobalSection(SolutionConfigurationPlatforms) = preSolution
		Debug|Any CPU = Debug|Any CPU
		Release|Any CPU = Release|Any CPU
	EndGlobalSection
	GlobalSection(ProjectConfigurationPlatforms) = postSolution
		{BDAAEF80-F347-4323-833A-4CA20753B5B1}.Debug|Any CPU.ActiveCfg = Debug|Any CPU
		{BDAAEF80-F347-4323-833A-4CA20753B5B1}.Debug|Any CPU.Build.0 = Debug|Any CPU
		{BDAAEF80-F347-4323-833A-4CA20753B5B1}.Release|Any CPU.ActiveCfg = Release|Any CPU
		{BDAAEF80-F347-4323-833A-4CA20753B5B1}.Release|Any CPU.Build.0 = Release|Any CPU
		{4287E135-BD3B-4FB6-BAA2-05E163369A59}.Debug|Any CPU.ActiveCfg = Debug|Any CPU
		{4287E135-BD3B-4FB6-BAA2-05E163369A59}.Debug|Any CPU.Build.0 = Debug|Any CPU
		{4287E135-BD3B-4FB6-BAA2-05E163369A59}.Release|Any CPU.ActiveCfg = Release|Any CPU
		{4287E135-BD3B-4FB6-BAA2-05E163369A59}.Release|Any CPU.Build.0 = Release|Any CPU
	EndGlobalSection
	GlobalSection(SolutionProperties) = preSolution
		HideSolutionNode = FALSE
	EndGlobalSection
	GlobalSection(ExtensibilityGlobals) = postSolution
		SolutionGuid = {D9C64481-BFC7-4184-B990-ADC56CF58F77}
	EndGlobalSection
EndGlobal
